
Microsoft Visual Studio Solution File, Format Version 12.00
# Visual Studio Version 16
VisualStudioVersion = 16.0.30804.86
MinimumVisualStudioVersion = 10.0.40219.1
Project("{9A19103F-16F7-4668-BE54-9A1E7A4F7556}") = "DoanApp", "DoanApp\DoanApp.csproj", "{92DF1C46-7635-4404-896B-3BD9284D9520}"
EndProject
Project("{9A19103F-16F7-4668-BE54-9A1E7A4F7556}") = "DoanData", "DoanData\DoanData.csproj", "{FC69B669-8858-4966-A09E-696F54DEBA29}"
EndProject
Project("{FAE04EC0-301F-11D3-BF4B-00C04F79EFBC}") = "DoanApi", "DoanApi\DoanApi.csproj", "{7B8A868C-AD44-484F-A79A-1C27442880EB}"
EndProject
Global
	GlobalSection(SolutionConfigurationPlatforms) = preSolution
		Debug|Any CPU = Debug|Any CPU
		Release|Any CPU = Release|Any CPU
	EndGlobalSection
	GlobalSection(ProjectConfigurationPlatforms) = postSolution
		{92DF1C46-7635-4404-896B-3BD9284D9520}.Debug|Any CPU.ActiveCfg = Debug|Any CPU
		{92DF1C46-7635-4404-896B-3BD9284D9520}.Debug|Any CPU.Build.0 = Debug|Any CPU
		{92DF1C46-7635-4404-896B-3BD9284D9520}.Release|Any CPU.ActiveCfg = Release|Any CPU
		{92DF1C46-7635-4404-896B-3BD9284D9520}.Release|Any CPU.Build.0 = Release|Any CPU
		{FC69B669-8858-4966-A09E-696F54DEBA29}.Debug|Any CPU.ActiveCfg = Debug|Any CPU
		{FC69B669-8858-4966-A09E-696F54DEBA29}.Debug|Any CPU.Build.0 = Debug|Any CPU
		{FC69B669-8858-4966-A09E-696F54DEBA29}.Release|Any CPU.ActiveCfg = Release|Any CPU
		{FC69B669-8858-4966-A09E-696F54DEBA29}.Release|Any CPU.Build.0 = Release|Any CPU
		{7B8A868C-AD44-484F-A79A-1C27442880EB}.Debug|Any CPU.ActiveCfg = Debug|Any CPU
		{7B8A868C-AD44-484F-A79A-1C27442880EB}.Debug|Any CPU.Build.0 = Debug|Any CPU
		{7B8A868C-AD44-484F-A79A-1C27442880EB}.Release|Any CPU.ActiveCfg = Release|Any CPU
		{7B8A868C-AD44-484F-A79A-1C27442880EB}.Release|Any CPU.Build.0 = Release|Any CPU
	EndGlobalSection
	GlobalSection(SolutionProperties) = preSolution
		HideSolutionNode = FALSE
	EndGlobalSection
	GlobalSection(ExtensibilityGlobals) = postSolution
		SolutionGuid = {5295BFE9-C5AF-41D3-8A7B-2C4A21C20E89}
	EndGlobalSection
EndGlobal
